<Solution>
  <Project Path="Assembly-CSharp.csproj" />
  <Project Path="AstarPathfindingProject.csproj" />
  <Project Path="CFXRRuntime.csproj" />
  <Project Path="PackageToolsEditor.csproj" />
  <Project Path="CFXRDemo.csproj" />
  <Project Path="CFXREditor.csproj" />
  <Project Path="Assembly-CSharp-Editor.csproj" />
  <Project Path="AstarPathfindingProjectEditor.csproj" />
  <Project Path="KinoBloom.Runtime.csproj" />
  <Project Path="CFXR.WelcomeScreen.csproj" />
  <Project Path="ToonyColorsPro.Demo.Editor.csproj" />
  <Project Path="Sirenix.OdinInspector.Modules.UnityMathematics.csproj" />
</Solution>
